
Microsoft Visual Studio Solution File, Format Version 12.00
Project("{FAE04EC0-301F-11D3-BF4B-00C04F79EFBC}") = "Randolph.Photos", "Randolph.Photos\Randolph.Photos.csproj", "{CD71A148-AF0C-4BF3-9E77-925991B92663}"
EndProject
Global
	GlobalSection(SolutionConfigurationPlatforms) = preSolution
		Debug|Any CPU = Debug|Any CPU
		Release|Any CPU = Release|Any CPU
	EndGlobalSection
	GlobalSection(ProjectConfigurationPlatforms) = postSolution
		{CD71A148-AF0C-4BF3-9E77-925991B92663}.Debug|Any CPU.ActiveCfg = Debug|Any CPU
		{CD71A148-AF0C-4BF3-9E77-925991B92663}.Debug|Any CPU.Build.0 = Debug|Any CPU
		{CD71A148-AF0C-4BF3-9E77-925991B92663}.Release|Any CPU.ActiveCfg = Release|Any CPU
		{CD71A148-AF0C-4BF3-9E77-925991B92663}.Release|Any CPU.Build.0 = Release|Any CPU
	EndGlobalSection
EndGlobal
